
Microsoft Visual Studio Solution File, Format Version 12.00
# Visual Studio Version 16
VisualStudioVersion = 25.0.1704.2
MinimumVisualStudioVersion = 10.0.40219.1
Project("{FAE04EC0-301F-11D3-BF4B-00C04F79EFBC}") = "IronChallenge", "IronChallenge\IronChallenge.csproj", "{EEB9DAE8-2F05-4EFF-BCD1-CCD55972A2F1}"
EndProject
Project("{FAE04EC0-301F-11D3-BF4B-00C04F79EFBC}") = "IronChallengeTests", "IronChallengeTests\IronChallengeTests.csproj", "{337C3949-6E42-439F-ADD1-C232D4F5A34C}"
EndProject
Global
	GlobalSection(SolutionConfigurationPlatforms) = preSolution
		Debug|Any CPU = Debug|Any CPU
		Release|Any CPU = Release|Any CPU
	EndGlobalSection
	GlobalSection(ProjectConfigurationPlatforms) = postSolution
		{D281E103-189D-49F3-8E8A-63B7CCA6EB9E}.Debug|Any CPU.ActiveCfg = Debug|Any CPU
		{D281E103-189D-49F3-8E8A-63B7CCA6EB9E}.Debug|Any CPU.Build.0 = Debug|Any CPU
		{D281E103-189D-49F3-8E8A-63B7CCA6EB9E}.Release|Any CPU.ActiveCfg = Release|Any CPU
		{D281E103-189D-49F3-8E8A-63B7CCA6EB9E}.Release|Any CPU.Build.0 = Release|Any CPU
		{EEB9DAE8-2F05-4EFF-BCD1-CCD55972A2F1}.Debug|Any CPU.ActiveCfg = Debug|Any CPU
		{EEB9DAE8-2F05-4EFF-BCD1-CCD55972A2F1}.Debug|Any CPU.Build.0 = Debug|Any CPU
		{EEB9DAE8-2F05-4EFF-BCD1-CCD55972A2F1}.Release|Any CPU.ActiveCfg = Release|Any CPU
		{EEB9DAE8-2F05-4EFF-BCD1-CCD55972A2F1}.Release|Any CPU.Build.0 = Release|Any CPU
		{337C3949-6E42-439F-ADD1-C232D4F5A34C}.Debug|Any CPU.ActiveCfg = Debug|Any CPU
		{337C3949-6E42-439F-ADD1-C232D4F5A34C}.Debug|Any CPU.Build.0 = Debug|Any CPU
		{337C3949-6E42-439F-ADD1-C232D4F5A34C}.Release|Any CPU.ActiveCfg = Release|Any CPU
		{337C3949-6E42-439F-ADD1-C232D4F5A34C}.Release|Any CPU.Build.0 = Release|Any CPU
	EndGlobalSection
	GlobalSection(SolutionProperties) = preSolution
		HideSolutionNode = FALSE
	EndGlobalSection
	GlobalSection(ExtensibilityGlobals) = postSolution
		SolutionGuid = {566C15BA-EF08-4A4A-BA5B-514238BAE0E2}
	EndGlobalSection
EndGlobal
